
Microsoft Visual Studio Solution File, Format Version 12.00
# Visual Studio Version 16
VisualStudioVersion = 16.0.30626.31
MinimumVisualStudioVersion = 10.0.40219.1
Project("{9A19103F-16F7-4668-BE54-9A1E7A4F7556}") = "ChomadoProblemForm", "Client\ChomadoProblemForm.csproj", "{20EEC6A0-D5E9-435E-9C0D-D8AED2334805}"
EndProject
Project("{9A19103F-16F7-4668-BE54-9A1E7A4F7556}") = "ChomadoProblemApi", "Api\ChomadoProblemApi.csproj", "{5AA67EE4-1C14-48D4-A41A-27F21D9D97F9}"
EndProject
Project("{2150E333-8FDC-42A3-9474-1A3956D46DE8}") = "README", "README", "{8A5CCFED-D421-442B-9D2F-F602F1BC239E}"
	ProjectSection(SolutionItems) = preProject
		LICENSE = LICENSE
		README.md = README.md
	EndProjectSection
EndProject
Global
	GlobalSection(SolutionConfigurationPlatforms) = preSolution
		Debug|Any CPU = Debug|Any CPU
		Release|Any CPU = Release|Any CPU
	EndGlobalSection
	GlobalSection(ProjectConfigurationPlatforms) = postSolution
		{20EEC6A0-D5E9-435E-9C0D-D8AED2334805}.Debug|Any CPU.ActiveCfg = Debug|Any CPU
		{20EEC6A0-D5E9-435E-9C0D-D8AED2334805}.Debug|Any CPU.Build.0 = Debug|Any CPU
		{20EEC6A0-D5E9-435E-9C0D-D8AED2334805}.Release|Any CPU.ActiveCfg = Release|Any CPU
		{20EEC6A0-D5E9-435E-9C0D-D8AED2334805}.Release|Any CPU.Build.0 = Release|Any CPU
		{5AA67EE4-1C14-48D4-A41A-27F21D9D97F9}.Debug|Any CPU.ActiveCfg = Debug|Any CPU
		{5AA67EE4-1C14-48D4-A41A-27F21D9D97F9}.Debug|Any CPU.Build.0 = Debug|Any CPU
		{5AA67EE4-1C14-48D4-A41A-27F21D9D97F9}.Release|Any CPU.ActiveCfg = Release|Any CPU
		{5AA67EE4-1C14-48D4-A41A-27F21D9D97F9}.Release|Any CPU.Build.0 = Release|Any CPU
	EndGlobalSection
	GlobalSection(SolutionProperties) = preSolution
		HideSolutionNode = FALSE
	EndGlobalSection
	GlobalSection(ExtensibilityGlobals) = postSolution
		SolutionGuid = {12902EBB-53E9-4CC2-8382-E5767B162C7B}
	EndGlobalSection
EndGlobal
